
Microsoft Visual Studio Solution File, Format Version 12.00
# Visual Studio Version 17
VisualStudioVersion = 17.11.35312.102
MinimumVisualStudioVersion = 10.0.40219.1
Project("{FAE04EC0-301F-11D3-BF4B-00C04F79EFBC}") = "kino", "kino\kino.csproj", "{9AB40B85-543B-4A4A-8736-6B6A80C7FDD4}"
EndProject
Global
	GlobalSection(SolutionConfigurationPlatforms) = preSolution
		Debug|Any CPU = Debug|Any CPU
		Release|Any CPU = Release|Any CPU
	EndGlobalSection
	GlobalSection(ProjectConfigurationPlatforms) = postSolution
		{9AB40B85-543B-4A4A-8736-6B6A80C7FDD4}.Debug|Any CPU.ActiveCfg = Debug|Any CPU
		{9AB40B85-543B-4A4A-8736-6B6A80C7FDD4}.Debug|Any CPU.Build.0 = Debug|Any CPU
		{9AB40B85-543B-4A4A-8736-6B6A80C7FDD4}.Debug|Any CPU.Deploy.0 = Debug|Any CPU
		{9AB40B85-543B-4A4A-8736-6B6A80C7FDD4}.Release|Any CPU.ActiveCfg = Release|Any CPU
		{9AB40B85-543B-4A4A-8736-6B6A80C7FDD4}.Release|Any CPU.Build.0 = Release|Any CPU
		{9AB40B85-543B-4A4A-8736-6B6A80C7FDD4}.Release|Any CPU.Deploy.0 = Release|Any CPU
	EndGlobalSection
	GlobalSection(SolutionProperties) = preSolution
		HideSolutionNode = FALSE
	EndGlobalSection
	GlobalSection(ExtensibilityGlobals) = postSolution
		SolutionGuid = {868A84DC-3836-44DB-BA57-2B6715BBD73A}
	EndGlobalSection
EndGlobal
